// !$*UTF8*$!
{
	archiveVersion = 1;
	classes = {
	};
	objectVersion = 46;
	objects = {

/* Begin PBXBuildFile section */
		821ECE532402460FD6B7BD15 /* libPods-FilterCamera.a in Frameworks */ = {isa = PBXBuildFile; fileRef = 97EAEAB957E0D3A530B6EC8E /* libPods-FilterCamera.a */; };
		BE15A2F41D8136FA003F9DC0 /* AppDelegate.swift in Sources */ = {isa = PBXBuildFile; fileRef = BE15A2F31D8136FA003F9DC0 /* AppDelegate.swift */; };
		BE15A2F61D8136FA003F9DC0 /* ViewController.swift in Sources */ = {isa = PBXBuildFile; fileRef = BE15A2F51D8136FA003F9DC0 /* ViewController.swift */; };
		BE15A2F91D8136FA003F9DC0 /* Main.storyboard in Resources */ = {isa = PBXBuildFile; fileRef = BE15A2F71D8136FA003F9DC0 /* Main.storyboard */; };
		BE15A2FB1D8136FA003F9DC0 /* Assets.xcassets in Resources */ = {isa = PBXBuildFile; fileRef = BE15A2FA1D8136FA003F9DC0 /* Assets.xcassets */; };
		BE15A2FE1D8136FA003F9DC0 /* LaunchScreen.storyboard in Resources */ = {isa = PBXBuildFile; fileRef = BE15A2FC1D8136FA003F9DC0 /* LaunchScreen.storyboard */; };
		BEEC04631D817E8100653C3D /* country.acv in Resources */ = {isa = PBXBuildFile; fileRef = BEEC045E1D817E8100653C3D /* country.acv */; };
		BEEC04641D817E8100653C3D /* fogy_blue.acv in Resources */ = {isa = PBXBuildFile; fileRef = BEEC045F1D817E8100653C3D /* fogy_blue.acv */; };
		BEEC04651D817E8100653C3D /* fresh_blue.acv in Resources */ = {isa = PBXBuildFile; fileRef = BEEC04601D817E8100653C3D /* fresh_blue.acv */; };
		BEEC04661D817E8100653C3D /* new_2_fresh_blue.acv in Resources */ = {isa = PBXBuildFile; fileRef = BEEC04611D817E8100653C3D /* new_2_fresh_blue.acv */; };
		BEEC04671D817E8100653C3D /* trains.acv in Resources */ = {isa = PBXBuildFile; fileRef = BEEC04621D817E8100653C3D /* trains.acv */; };
/* End PBXBuildFile section */

/* Begin PBXFileReference section */
		6CB18BD0FE1EC99D6C1FB00B /* Pods-FilterCamera.debug.xcconfig */ = {isa = PBXFileReference; includeInIndex = 1; lastKnownFileType = text.xcconfig; name = "Pods-FilterCamera.debug.xcconfig"; path = "Pods/Target Support Files/Pods-FilterCamera/Pods-FilterCamera.debug.xcconfig"; sourceTree = "<group>"; };
		97EAEAB957E0D3A530B6EC8E /* libPods-FilterCamera.a */ = {isa = PBXFileReference; explicitFileType = archive.ar; includeInIndex = 0; path = "libPods-FilterCamera.a"; sourceTree = BUILT_PRODUCTS_DIR; };
		BE15A2F01D8136FA003F9DC0 /* FilterCamera.app */ = {isa = PBXFileReference; explicitFileType = wrapper.application; includeInIndex = 0; path = FilterCamera.app; sourceTree = BUILT_PRODUCTS_DIR; };
		BE15A2F31D8136FA003F9DC0 /* AppDelegate.swift */ = {isa = PBXFileReference; lastKnownFileType = sourcecode.swift; path = AppDelegate.swift; sourceTree = "<group>"; };
		BE15A2F51D8136FA003F9DC0 /* ViewController.swift */ = {isa = PBXFileReference; lastKnownFileType = sourcecode.swift; path = ViewController.swift; sourceTree = "<group>"; };
		BE15A2F81D8136FA003F9DC0 /* Base */ = {isa = PBXFileReference; lastKnownFileType = file.storyboard; name = Base; path = Base.lproj/Main.storyboard; sourceTree = "<group>"; };
		BE15A2FA1D8136FA003F9DC0 /* Assets.xcassets */ = {isa = PBXFileReference; lastKnownFileType = folder.assetcatalog; path = Assets.xcassets; sourceTree = "<group>"; };
		BE15A2FD1D8136FA003F9DC0 /* Base */ = {isa = PBXFileReference; lastKnownFileType = file.storyboard; name = Base; path = Base.lproj/LaunchScreen.storyboard; sourceTree = "<group>"; };
		BE15A2FF1D8136FA003F9DC0 /* Info.plist */ = {isa = PBXFileReference; lastKnownFileType = text.plist.xml; path = Info.plist; sourceTree = "<group>"; };
		BE15A3051D8137B4003F9DC0 /* FilterCamera-Bridging-Header.h */ = {isa = PBXFileReference; lastKnownFileType = sourcecode.c.h; path = "FilterCamera-Bridging-Header.h"; sourceTree = "<group>"; };
		BEEC045E1D817E8100653C3D /* country.acv */ = {isa = PBXFileReference; lastKnownFileType = file; path = country.acv; sourceTree = "<group>"; };
		BEEC045F1D817E8100653C3D /* fogy_blue.acv */ = {isa = PBXFileReference; lastKnownFileType = file; path = fogy_blue.acv; sourceTree = "<group>"; };
		BEEC04601D817E8100653C3D /* fresh_blue.acv */ = {isa = PBXFileReference; lastKnownFileType = file; path = fresh_blue.acv; sourceTree = "<group>"; };
		BEEC04611D817E8100653C3D /* new_2_fresh_blue.acv */ = {isa = PBXFileReference; lastKnownFileType = file; path = new_2_fresh_blue.acv; sourceTree = "<group>"; };
		BEEC04621D817E8100653C3D /* trains.acv */ = {isa = PBXFileReference; lastKnownFileType = file; path = trains.acv; sourceTree = "<group>"; };
		E790E26063ABA8F84BCC0D5A /* Pods-FilterCamera.release.xcconfig */ = {isa = PBXFileReference; includeInIndex = 1; lastKnownFileType = text.xcconfig; name = "Pods-FilterCamera.release.xcconfig"; path = "Pods/Target Support Files/Pods-FilterCamera/Pods-FilterCamera.release.xcconfig"; sourceTree = "<group>"; };
/* End PBXFileReference section */

/* Begin PBXFrameworksBuildPhase section */
		BE15A2ED1D8136FA003F9DC0 /* Frameworks */ = {
			isa = PBXFrameworksBuildPhase;
			buildActionMask = 2147483647;
			files = (
				821ECE532402460FD6B7BD15 /* libPods-FilterCamera.a in Frameworks */,
			);
			runOnlyForDeploymentPostprocessing = 0;
		};
/* End PBXFrameworksBuildPhase section */

/* Begin PBXGroup section */
		7D399E5E7F08CD6912AB79BC /* Pods */ = {
			isa = PBXGroup;
			children = (
				6CB18BD0FE1EC99D6C1FB00B /* Pods-FilterCamera.debug.xcconfig */,
				E790E26063ABA8F84BCC0D5A /* Pods-FilterCamera.release.xcconfig */,
			);
			name = Pods;
			sourceTree = "<group>";
		};
		86A1E749553BBA4AB354D35A /* Frameworks */ = {
			isa = PBXGroup;
			children = (
				97EAEAB957E0D3A530B6EC8E /* libPods-FilterCamera.a */,
			);
			name = Frameworks;
			sourceTree = "<group>";
		};
		BE15A2E71D8136FA003F9DC0 = {
			isa = PBXGroup;
			children = (
				BE15A2F21D8136FA003F9DC0 /* FilterCamera */,
				BE15A2F11D8136FA003F9DC0 /* Products */,
				7D399E5E7F08CD6912AB79BC /* Pods */,
				86A1E749553BBA4AB354D35A /* Frameworks */,
			);
			sourceTree = "<group>";
		};
		BE15A2F11D8136FA003F9DC0 /* Products */ = {
			isa = PBXGroup;
			children = (
				BE15A2F01D8136FA003F9DC0 /* FilterCamera.app */,
			);
			name = Products;
			sourceTree = "<group>";
		};
		BE15A2F21D8136FA003F9DC0 /* FilterCamera */ = {
			isa = PBXGroup;
			children = (
				BEEC045E1D817E8100653C3D /* country.acv */,
				BEEC045F1D817E8100653C3D /* fogy_blue.acv */,
				BEEC04601D817E8100653C3D /* fresh_blue.acv */,
				BEEC04611D817E8100653C3D /* new_2_fresh_blue.acv */,
				BEEC04621D817E8100653C3D /* trains.acv */,
				BE15A2F31D8136FA003F9DC0 /* AppDelegate.swift */,
				BE15A2F51D8136FA003F9DC0 /* ViewController.swift */,
				BE15A2F71D8136FA003F9DC0 /* Main.storyboard */,
				BE15A2FA1D8136FA003F9DC0 /* Assets.xcassets */,
				BE15A2FC1D8136FA003F9DC0 /* LaunchScreen.storyboard */,
				BE15A2FF1D8136FA003F9DC0 /* Info.plist */,
				BE15A3051D8137B4003F9DC0 /* FilterCamera-Bridging-Header.h */,
			);
			path = FilterCamera;
			sourceTree = "<group>";
		};
/* End PBXGroup section */

/* Begin PBXNativeTarget section */
		BE15A2EF1D8136FA003F9DC0 /* FilterCamera */ = {
			isa = PBXNativeTarget;
			buildConfigurationList = BE15A3021D8136FA003F9DC0 /* Build configuration list for PBXNativeTarget "FilterCamera" */;
			buildPhases = (
				34996B4F0F330A80DEB2978C /* [CP] Check Pods Manifest.lock */,
				BE15A2EC1D8136FA003F9DC0 /* Sources */,
				BE15A2ED1D8136FA003F9DC0 /* Frameworks */,
				BE15A2EE1D8136FA003F9DC0 /* Resources */,
				A9B29E2899C8C3B2D46D20DF /* [CP] Embed Pods Frameworks */,
				2DFA73D3444E67B11C4DC398 /* [CP] Copy Pods Resources */,
			);
			buildRules = (
			);
			dependencies = (
			);
			name = FilterCamera;
			productName = FilterCamera;
			productReference = BE15A2F01D8136FA003F9DC0 /* FilterCamera.app */;
			productType = "com.apple.product-type.application";
		};
/* End PBXNativeTarget section */

/* Begin PBXProject section */
		BE15A2E81D8136FA003F9DC0 /* Project object */ = {
			isa = PBXProject;
			attributes = {
				LastSwiftUpdateCheck = 0730;
				LastUpgradeCheck = 0730;
				TargetAttributes = {
					BE15A2EF1D8136FA003F9DC0 = {
						CreatedOnToolsVersion = 7.3.1;
						DevelopmentTeam = RLK76T8Y89;
						LastSwiftMigration = 0800;
					};
				};
			};
			buildConfigurationList = BE15A2EB1D8136FA003F9DC0 /* Build configuration list for PBXProject "FilterCamera" */;
			compatibilityVersion = "Xcode 3.2";
			developmentRegion = English;
			hasScannedForEncodings = 0;
			knownRegions = (
				en,
				Base,
			);
			mainGroup = BE15A2E71D8136FA003F9DC0;
			productRefGroup = BE15A2F11D8136FA003F9DC0 /* Products */;
			projectDirPath = "";
			projectRoot = "";
			targets = (
				BE15A2EF1D8136FA003F9DC0 /* FilterCamera */,
			);
		};
/* End PBXProject section */

/* Begin PBXResourcesBuildPhase section */
		BE15A2EE1D8136FA003F9DC0 /* Resources */ = {
			isa = PBXResourcesBuildPhase;
			buildActionMask = 2147483647;
			files = (
				BE15A2FE1D8136FA003F9DC0 /* LaunchScreen.storyboard in Resources */,
				BEEC04651D817E8100653C3D /* fresh_blue.acv in Resources */,
				BE15A2FB1D8136FA003F9DC0 /* Assets.xcassets in Resources */,
				BEEC04671D817E8100653C3D /* trains.acv in Resources */,
				BE15A2F91D8136FA003F9DC0 /* Main.storyboard in Resources */,
				BEEC04631D817E8100653C3D /* country.acv in Resources */,
				BEEC04641D817E8100653C3D /* fogy_blue.acv in Resources */,
				BEEC04661D817E8100653C3D /* new_2_fresh_blue.acv in Resources */,
			);
			runOnlyForDeploymentPostprocessing = 0;
		};
/* End PBXResourcesBuildPhase section */

/* Begin PBXShellScriptBuildPhase section */
		2DFA73D3444E67B11C4DC398 /* [CP] Copy Pods Resources */ = {
			isa = PBXShellScriptBuildPhase;
			buildActionMask = 2147483647;
			files = (
			);
			inputPaths = (
			);
			name = "[CP] Copy Pods Resources";
			outputPaths = (
			);
			runOnlyForDeploymentPostprocessing = 0;
			shellPath = /bin/sh;
			shellScript = "\"${SRCROOT}/Pods/Target Support Files/Pods-FilterCamera/Pods-FilterCamera-resources.sh\"\n";
			showEnvVarsInLog = 0;
		};
		34996B4F0F330A80DEB2978C /* [CP] Check Pods Manifest.lock */ = {
			isa = PBXShellScriptBuildPhase;
			buildActionMask = 2147483647;
			files = (
			);
			inputPaths = (
			);
			name = "[CP] Check Pods Manifest.lock";
			outputPaths = (
			);
			runOnlyForDeploymentPostprocessing = 0;
			shellPath = /bin/sh;
			shellScript = "diff \"${PODS_ROOT}/../Podfile.lock\" \"${PODS_ROOT}/Manifest.lock\" > /dev/null\nif [[ $? != 0 ]] ; then\n    cat << EOM\nerror: The sandbox is not in sync with the Podfile.lock. Run 'pod install' or update your CocoaPods installation.\nEOM\n    exit 1\nfi\n";
			showEnvVarsInLog = 0;
		};
		A9B29E2899C8C3B2D46D20DF /* [CP] Embed Pods Frameworks */ = {
			isa = PBXShellScriptBuildPhase;
			buildActionMask = 2147483647;
			files = (
			);
			inputPaths = (
			);
			name = "[CP] Embed Pods Frameworks";
			outputPaths = (
			);
			runOnlyForDeploymentPostprocessing = 0;
			shellPath = /bin/sh;
			shellScript = "\"${SRCROOT}/Pods/Target Support Files/Pods-FilterCamera/Pods-FilterCamera-frameworks.sh\"\n";
			showEnvVarsInLog = 0;
		};
/* End PBXShellScriptBuildPhase section */

/* Begin PBXSourcesBuildPhase section */
		BE15A2EC1D8136FA003F9DC0 /* Sources */ = {
			isa = PBXSourcesBuildPhase;
			buildActionMask = 2147483647;
			files = (
				BE15A2F61D8136FA003F9DC0 /* ViewController.swift in Sources */,
				BE15A2F41D8136FA003F9DC0 /* AppDelegate.swift in Sources */,
			);
			runOnlyForDeploymentPostprocessing = 0;
		};
/* End PBXSourcesBuildPhase section */

/* Begin PBXVariantGroup section */
		BE15A2F71D8136FA003F9DC0 /* Main.storyboard */ = {
			isa = PBXVariantGroup;
			children = (
				BE15A2F81D8136FA003F9DC0 /* Base */,
			);
			name = Main.storyboard;
			sourceTree = "<group>";
		};
		BE15A2FC1D8136FA003F9DC0 /* LaunchScreen.storyboard */ = {
			isa = PBXVariantGroup;
			children = (
				BE15A2FD1D8136FA003F9DC0 /* Base */,
			);
			name = LaunchScreen.storyboard;
			sourceTree = "<group>";
		};
/* End PBXVariantGroup section */

/* Begin XCBuildConfiguration section */
		BE15A3001D8136FA003F9DC0 /* Debug */ = {
			isa = XCBuildConfiguration;
			buildSettings = {
				ALWAYS_SEARCH_USER_PATHS = NO;
				CLANG_ANALYZER_NONNULL = YES;
				CLANG_CXX_LANGUAGE_STANDARD = "gnu++0x";
				CLANG_CXX_LIBRARY = "libc++";
				CLANG_ENABLE_MODULES = YES;
				CLANG_ENABLE_OBJC_ARC = YES;
				CLANG_WARN_BOOL_CONVERSION = YES;
				CLANG_WARN_CONSTANT_CONVERSION = YES;
				CLANG_WARN_DIRECT_OBJC_ISA_USAGE = YES_ERROR;
				CLANG_WARN_EMPTY_BODY = YES;
				CLANG_WARN_ENUM_CONVERSION = YES;
				CLANG_WARN_INT_CONVERSION = YES;
				CLANG_WARN_OBJC_ROOT_CLASS = YES_ERROR;
				CLANG_WARN_UNREACHABLE_CODE = YES;
				CLANG_WARN__DUPLICATE_METHOD_MATCH = YES;
				"CODE_SIGN_IDENTITY[sdk=iphoneos*]" = "iPhone Developer";
				COPY_PHASE_STRIP = NO;
				DEBUG_INFORMATION_FORMAT = dwarf;
				ENABLE_STRICT_OBJC_MSGSEND = YES;
				ENABLE_TESTABILITY = YES;
				GCC_C_LANGUAGE_STANDARD = gnu99;
				GCC_DYNAMIC_NO_PIC = NO;
				GCC_NO_COMMON_BLOCKS = YES;
				GCC_OPTIMIZATION_LEVEL = 0;
				GCC_PREPROCESSOR_DEFINITIONS = (
					"DEBUG=1",
					"$(inherited)",
				);
				GCC_WARN_64_TO_32_BIT_CONVERSION = YES;
				GCC_WARN_ABOUT_RETURN_TYPE = YES_ERROR;
				GCC_WARN_UNDECLARED_SELECTOR = YES;
				GCC_WARN_UNINITIALIZED_AUTOS = YES_AGGRESSIVE;
				GCC_WARN_UNUSED_FUNCTION = YES;
				GCC_WARN_UNUSED_VARIABLE = YES;
				IPHONEOS_DEPLOYMENT_TARGET = 9.3;
				MTL_ENABLE_DEBUG_INFO = YES;
				ONLY_ACTIVE_ARCH = YES;
				SDKROOT = iphoneos;
				SWIFT_OPTIMIZATION_LEVEL = "-Onone";
			};
			name = Debug;
		};
		BE15A3011D8136FA003F9DC0 /* Release */ = {
			isa = XCBuildConfiguration;
			buildSettings = {
				ALWAYS_SEARCH_USER_PATHS = NO;
				CLANG_ANALYZER_NONNULL = YES;
				CLANG_CXX_LANGUAGE_STANDARD = "gnu++0x";
				CLANG_CXX_LIBRARY = "libc++";
				CLANG_ENABLE_MODULES = YES;
				CLANG_ENABLE_OBJC_ARC = YES;
				CLANG_WARN_BOOL_CONVERSION = YES;
				CLANG_WARN_CONSTANT_CONVERSION = YES;
				CLANG_WARN_DIRECT_OBJC_ISA_USAGE = YES_ERROR;
				CLANG_WARN_EMPTY_BODY = YES;
				CLANG_WARN_ENUM_CONVERSION = YES;
				CLANG_WARN_INT_CONVERSION = YES;
				CLANG_WARN_OBJC_ROOT_CLASS = YES_ERROR;
				CLANG_WARN_UNREACHABLE_CODE = YES;
				CLANG_WARN__DUPLICATE_METHOD_MATCH = YES;
				"CODE_SIGN_IDENTITY[sdk=iphoneos*]" = "iPhone Developer";
				COPY_PHASE_STRIP = NO;
				DEBUG_INFORMATION_FORMAT = "dwarf-with-dsym";
				ENABLE_NS_ASSERTIONS = NO;
				ENABLE_STRICT_OBJC_MSGSEND = YES;
				GCC_C_LANGUAGE_STANDARD = gnu99;
				GCC_NO_COMMON_BLOCKS = YES;
				GCC_WARN_64_TO_32_BIT_CONVERSION = YES;
				GCC_WARN_ABOUT_RETURN_TYPE = YES_ERROR;
				GCC_WARN_UNDECLARED_SELECTOR = YES;
				GCC_WARN_UNINITIALIZED_AUTOS = YES_AGGRESSIVE;
				GCC_WARN_UNUSED_FUNCTION = YES;
				GCC_WARN_UNUSED_VARIABLE = YES;
				IPHONEOS_DEPLOYMENT_TARGET = 9.3;
				MTL_ENABLE_DEBUG_INFO = NO;
				SDKROOT = iphoneos;
				VALIDATE_PRODUCT = YES;
			};
			name = Release;
		};
		BE15A3031D8136FA003F9DC0 /* Debug */ = {
			isa = XCBuildConfiguration;
			baseConfigurationReference = 6CB18BD0FE1EC99D6C1FB00B /* Pods-FilterCamera.debug.xcconfig */;
			buildSettings = {
				ASSETCATALOG_COMPILER_APPICON_NAME = AppIcon;
				CLANG_ENABLE_MODULES = YES;
				CODE_SIGN_IDENTITY = "iPhone Developer";
				"CODE_SIGN_IDENTITY[sdk=iphoneos*]" = "iPhone Developer";
				INFOPLIST_FILE = FilterCamera/Info.plist;
				LD_RUNPATH_SEARCH_PATHS = "$(inherited) @executable_path/Frameworks";
				PRODUCT_BUNDLE_IDENTIFIER = org.gewil.FilterCamera;
				PRODUCT_NAME = "$(TARGET_NAME)";
				PROVISIONING_PROFILE = "";
				SWIFT_OBJC_BRIDGING_HEADER = "FilterCamera/FilterCamera-Bridging-Header.h";
				SWIFT_OPTIMIZATION_LEVEL = "-Onone";
				SWIFT_VERSION = 3.0;
			};
			name = Debug;
		};
		BE15A3041D8136FA003F9DC0 /* Release */ = {
			isa = XCBuildConfiguration;
			baseConfigurationReference = E790E26063ABA8F84BCC0D5A /* Pods-FilterCamera.release.xcconfig */;
			buildSettings = {
				ASSETCATALOG_COMPILER_APPICON_NAME = AppIcon;
				CLANG_ENABLE_MODULES = YES;
				CODE_SIGN_IDENTITY = "iPhone Developer";
				"CODE_SIGN_IDENTITY[sdk=iphoneos*]" = "iPhone Developer";
				INFOPLIST_FILE = FilterCamera/Info.plist;
				LD_RUNPATH_SEARCH_PATHS = "$(inherited) @executable_path/Frameworks";
				PRODUCT_BUNDLE_IDENTIFIER = org.gewil.FilterCamera;
				PRODUCT_NAME = "$(TARGET_NAME)";
				PROVISIONING_PROFILE = "";
				SWIFT_OBJC_BRIDGING_HEADER = "FilterCamera/FilterCamera-Bridging-Header.h";
				SWIFT_VERSION = 3.0;
			};
			name = Release;
		};
/* End XCBuildConfiguration section */

/* Begin XCConfigurationList section */
		BE15A2EB1D8136FA003F9DC0 /* Build configuration list for PBXProject "FilterCamera" */ = {
			isa = XCConfigurationList;
			buildConfigurations = (
				BE15A3001D8136FA003F9DC0 /* Debug */,
				BE15A3011D8136FA003F9DC0 /* Release */,
			);
			defaultConfigurationIsVisible = 0;
			defaultConfigurationName = Release;
		};
		BE15A3021D8136FA003F9DC0 /* Build configuration list for PBXNativeTarget "FilterCamera" */ = {
			isa = XCConfigurationList;
			buildConfigurations = (
				BE15A3031D8136FA003F9DC0 /* Debug */,
				BE15A3041D8136FA003F9DC0 /* Release */,
			);
			defaultConfigurationIsVisible = 0;
			defaultConfigurationName = Release;
		};
/* End XCConfigurationList section */
	};
	rootObject = BE15A2E81D8136FA003F9DC0 /* Project object */;
}
